
Microsoft Visual Studio Solution File, Format Version 12.00
# Visual Studio Version 17
VisualStudioVersion = 17.0.31903.59
MinimumVisualStudioVersion = 10.0.40219.1
Project("{2150E333-8FDC-42A3-9474-1A3956D46DE8}") = "src", "src", "{827E0CD3-B72D-47B6-A68D-7590B98EB39B}"
EndProject
Project("{FAE04EC0-301F-11D3-BF4B-00C04F79EFBC}") = "KnotVM.CLI", "src\KnotVM.CLI\KnotVM.CLI.csproj", "{1A55F085-AD71-436E-A507-13997F26710C}"
EndProject
Project("{FAE04EC0-301F-11D3-BF4B-00C04F79EFBC}") = "KnotVM.Core", "src\KnotVM.Core\KnotVM.Core.csproj", "{50B39860-5794-4B4B-B45B-1405E59D5D6C}"
EndProject
Project("{FAE04EC0-301F-11D3-BF4B-00C04F79EFBC}") = "KnotVM.Infrastructure", "src\KnotVM.Infrastructure\KnotVM.Infrastructure.csproj", "{6DF7BA61-567D-495F-BD1B-79CED81B1358}"
EndProject
Project("{2150E333-8FDC-42A3-9474-1A3956D46DE8}") = "tests", "tests", "{0AB3BF05-4346-4AA6-1389-037BE0695223}"
EndProject
Project("{FAE04EC0-301F-11D3-BF4B-00C04F79EFBC}") = "KnotVM.Tests", "tests\KnotVM.Tests\KnotVM.Tests.csproj", "{E6428F65-5797-4F02-8FC7-6DA9270EEA99}"
EndProject
Global
	GlobalSection(SolutionConfigurationPlatforms) = preSolution
		Debug|Any CPU = Debug|Any CPU
		Debug|x64 = Debug|x64
		Debug|x86 = Debug|x86
		Release|Any CPU = Release|Any CPU
		Release|x64 = Release|x64
		Release|x86 = Release|x86
	EndGlobalSection
	GlobalSection(ProjectConfigurationPlatforms) = postSolution
		{1A55F085-AD71-436E-A507-13997F26710C}.Debug|Any CPU.ActiveCfg = Debug|Any CPU
		{1A55F085-AD71-436E-A507-13997F26710C}.Debug|Any CPU.Build.0 = Debug|Any CPU
		{1A55F085-AD71-436E-A507-13997F26710C}.Debug|x64.ActiveCfg = Debug|Any CPU
		{1A55F085-AD71-436E-A507-13997F26710C}.Debug|x64.Build.0 = Debug|Any CPU
		{1A55F085-AD71-436E-A507-13997F26710C}.Debug|x86.ActiveCfg = Debug|Any CPU
		{1A55F085-AD71-436E-A507-13997F26710C}.Debug|x86.Build.0 = Debug|Any CPU
		{1A55F085-AD71-436E-A507-13997F26710C}.Release|Any CPU.ActiveCfg = Release|Any CPU
		{1A55F085-AD71-436E-A507-13997F26710C}.Release|Any CPU.Build.0 = Release|Any CPU
		{1A55F085-AD71-436E-A507-13997F26710C}.Release|x64.ActiveCfg = Release|Any CPU
		{1A55F085-AD71-436E-A507-13997F26710C}.Release|x64.Build.0 = Release|Any CPU
		{1A55F085-AD71-436E-A507-13997F26710C}.Release|x86.ActiveCfg = Release|Any CPU
		{1A55F085-AD71-436E-A507-13997F26710C}.Release|x86.Build.0 = Release|Any CPU
		{50B39860-5794-4B4B-B45B-1405E59D5D6C}.Debug|Any CPU.ActiveCfg = Debug|Any CPU
		{50B39860-5794-4B4B-B45B-1405E59D5D6C}.Debug|Any CPU.Build.0 = Debug|Any CPU
		{50B39860-5794-4B4B-B45B-1405E59D5D6C}.Debug|x64.ActiveCfg = Debug|Any CPU
		{50B39860-5794-4B4B-B45B-1405E59D5D6C}.Debug|x64.Build.0 = Debug|Any CPU
		{50B39860-5794-4B4B-B45B-1405E59D5D6C}.Debug|x86.ActiveCfg = Debug|Any CPU
		{50B39860-5794-4B4B-B45B-1405E59D5D6C}.Debug|x86.Build.0 = Debug|Any CPU
		{50B39860-5794-4B4B-B45B-1405E59D5D6C}.Release|Any CPU.ActiveCfg = Release|Any CPU
		{50B39860-5794-4B4B-B45B-1405E59D5D6C}.Release|Any CPU.Build.0 = Release|Any CPU
		{50B39860-5794-4B4B-B45B-1405E59D5D6C}.Release|x64.ActiveCfg = Release|Any CPU
		{50B39860-5794-4B4B-B45B-1405E59D5D6C}.Release|x64.Build.0 = Release|Any CPU
		{50B39860-5794-4B4B-B45B-1405E59D5D6C}.Release|x86.ActiveCfg = Release|Any CPU
		{50B39860-5794-4B4B-B45B-1405E59D5D6C}.Release|x86.Build.0 = Release|Any CPU
		{6DF7BA61-567D-495F-BD1B-79CED81B1358}.Debug|Any CPU.ActiveCfg = Debug|Any CPU
		{6DF7BA61-567D-495F-BD1B-79CED81B1358}.Debug|Any CPU.Build.0 = Debug|Any CPU
		{6DF7BA61-567D-495F-BD1B-79CED81B1358}.Debug|x64.ActiveCfg = Debug|Any CPU
		{6DF7BA61-567D-495F-BD1B-79CED81B1358}.Debug|x64.Build.0 = Debug|Any CPU
		{6DF7BA61-567D-495F-BD1B-79CED81B1358}.Debug|x86.ActiveCfg = Debug|Any CPU
		{6DF7BA61-567D-495F-BD1B-79CED81B1358}.Debug|x86.Build.0 = Debug|Any CPU
		{6DF7BA61-567D-495F-BD1B-79CED81B1358}.Release|Any CPU.ActiveCfg = Release|Any CPU
		{6DF7BA61-567D-495F-BD1B-79CED81B1358}.Release|Any CPU.Build.0 = Release|Any CPU
		{6DF7BA61-567D-495F-BD1B-79CED81B1358}.Release|x64.ActiveCfg = Release|Any CPU
		{6DF7BA61-567D-495F-BD1B-79CED81B1358}.Release|x64.Build.0 = Release|Any CPU
		{6DF7BA61-567D-495F-BD1B-79CED81B1358}.Release|x86.ActiveCfg = Release|Any CPU
		{6DF7BA61-567D-495F-BD1B-79CED81B1358}.Release|x86.Build.0 = Release|Any CPU
		{E6428F65-5797-4F02-8FC7-6DA9270EEA99}.Debug|Any CPU.ActiveCfg = Debug|Any CPU
		{E6428F65-5797-4F02-8FC7-6DA9270EEA99}.Debug|Any CPU.Build.0 = Debug|Any CPU
		{E6428F65-5797-4F02-8FC7-6DA9270EEA99}.Debug|x64.ActiveCfg = Debug|Any CPU
		{E6428F65-5797-4F02-8FC7-6DA9270EEA99}.Debug|x64.Build.0 = Debug|Any CPU
		{E6428F65-5797-4F02-8FC7-6DA9270EEA99}.Debug|x86.ActiveCfg = Debug|Any CPU
		{E6428F65-5797-4F02-8FC7-6DA9270EEA99}.Debug|x86.Build.0 = Debug|Any CPU
		{E6428F65-5797-4F02-8FC7-6DA9270EEA99}.Release|Any CPU.ActiveCfg = Release|Any CPU
		{E6428F65-5797-4F02-8FC7-6DA9270EEA99}.Release|Any CPU.Build.0 = Release|Any CPU
		{E6428F65-5797-4F02-8FC7-6DA9270EEA99}.Release|x64.ActiveCfg = Release|Any CPU
		{E6428F65-5797-4F02-8FC7-6DA9270EEA99}.Release|x64.Build.0 = Release|Any CPU
		{E6428F65-5797-4F02-8FC7-6DA9270EEA99}.Release|x86.ActiveCfg = Release|Any CPU
		{E6428F65-5797-4F02-8FC7-6DA9270EEA99}.Release|x86.Build.0 = Release|Any CPU
	EndGlobalSection
	GlobalSection(SolutionProperties) = preSolution
		HideSolutionNode = FALSE
	EndGlobalSection
	GlobalSection(NestedProjects) = preSolution
		{1A55F085-AD71-436E-A507-13997F26710C} = {827E0CD3-B72D-47B6-A68D-7590B98EB39B}
		{50B39860-5794-4B4B-B45B-1405E59D5D6C} = {827E0CD3-B72D-47B6-A68D-7590B98EB39B}
		{6DF7BA61-567D-495F-BD1B-79CED81B1358} = {827E0CD3-B72D-47B6-A68D-7590B98EB39B}
		{E6428F65-5797-4F02-8FC7-6DA9270EEA99} = {0AB3BF05-4346-4AA6-1389-037BE0695223}
	EndGlobalSection
EndGlobal
